// !$*UTF8*$!
{
	archiveVersion = 1;
	classes = {
	};
	objectVersion = 52;
	objects = {

/* Begin PBXBuildFile section */
		1F3751B225676A1F00678142 /* Algorithms in Frameworks */ = {isa = PBXBuildFile; productRef = 1F3751B125676A1F00678142 /* Algorithms */; };
		1F417D1F257757E50052B1E5 /* 2020_02.swift in Sources */ = {isa = PBXBuildFile; fileRef = 1F417D1E257757E50052B1E5 /* 2020_02.swift */; };
		1F76DC3B256101BE00BE620C /* 2010_02.swift in Sources */ = {isa = PBXBuildFile; fileRef = 1F76DC3A256101BE00BE620C /* 2010_02.swift */; };
		1F76DC40256103D300BE620C /* Puzzle.swift in Sources */ = {isa = PBXBuildFile; fileRef = 1F76DC3F256103D300BE620C /* Puzzle.swift */; };
		1F76DC43256106AF00BE620C /* IntCode.swift in Sources */ = {isa = PBXBuildFile; fileRef = 1F76DC42256106AF00BE620C /* IntCode.swift */; };
		1F83F6672579F9A800719389 /* 2020_04.swift in Sources */ = {isa = PBXBuildFile; fileRef = 1F83F6662579F9A800719389 /* 2020_04.swift */; };
		1F83F66B2579F9B300719389 /* 2020_04_Input.swift in Sources */ = {isa = PBXBuildFile; fileRef = 1F83F66A2579F9B300719389 /* 2020_04_Input.swift */; };
		1F9E47E52576633D00042763 /* 2020_01.swift in Sources */ = {isa = PBXBuildFile; fileRef = 1F9E47E42576633D00042763 /* 2020_01.swift */; };
		1F9E47EA257663C200042763 /* 2020_x_templatee.swift in Sources */ = {isa = PBXBuildFile; fileRef = 1F9E47E9257663C200042763 /* 2020_x_templatee.swift */; };
		1FB06314256B4DFF004B2526 /* SwifterSwift in Frameworks */ = {isa = PBXBuildFile; productRef = 1FB06313256B4DFF004B2526 /* SwifterSwift */; };
		1FB0631B256B5E87004B2526 /* SwiftGraph in Frameworks */ = {isa = PBXBuildFile; productRef = 1FB0631A256B5E87004B2526 /* SwiftGraph */; };
		1FB5ADF025789969007C5A44 /* 2020_02_Input.swift in Sources */ = {isa = PBXBuildFile; fileRef = 1FB5ADEF25789969007C5A44 /* 2020_02_Input.swift */; };
		1FB5ADFE25789A56007C5A44 /* 2020_01_Input.swift in Sources */ = {isa = PBXBuildFile; fileRef = 1FB5ADFD25789A56007C5A44 /* 2020_01_Input.swift */; };
		1FB5AE032578A7BE007C5A44 /* 2020_03.swift in Sources */ = {isa = PBXBuildFile; fileRef = 1FB5AE022578A7BD007C5A44 /* 2020_03.swift */; };
		1FB5AE092578A7CB007C5A44 /* 2020_03_Input.swift in Sources */ = {isa = PBXBuildFile; fileRef = 1FB5AE082578A7CB007C5A44 /* 2020_03_Input.swift */; };
		1FCA7AE42560E2E80075F836 /* main.swift in Sources */ = {isa = PBXBuildFile; fileRef = 1FCA7AE32560E2E80075F836 /* main.swift */; };
		1FCA7AF42560E43B0075F836 /* Input.swift in Sources */ = {isa = PBXBuildFile; fileRef = 1FCA7AF32560E43B0075F836 /* Input.swift */; };
		1FCA7AFD2560E61C0075F836 /* 2019_01.swift in Sources */ = {isa = PBXBuildFile; fileRef = 1FCA7AFC2560E61C0075F836 /* 2019_01.swift */; };
		1FF8DB402565F74F00783A7E /* Tree.swift in Sources */ = {isa = PBXBuildFile; fileRef = 1FF8DB3F2565F74F00783A7E /* Tree.swift */; };
/* End PBXBuildFile section */

/* Begin PBXCopyFilesBuildPhase section */
		1FCA7ADE2560E2E80075F836 /* CopyFiles */ = {
			isa = PBXCopyFilesBuildPhase;
			buildActionMask = 2147483647;
			dstPath = /usr/share/man/man1/;
			dstSubfolderSpec = 0;
			files = (
			);
			runOnlyForDeploymentPostprocessing = 1;
		};
/* End PBXCopyFilesBuildPhase section */

/* Begin PBXFileReference section */
		1F417D1E257757E50052B1E5 /* 2020_02.swift */ = {isa = PBXFileReference; lastKnownFileType = sourcecode.swift; path = 2020_02.swift; sourceTree = "<group>"; };
		1F76DC3A256101BE00BE620C /* 2010_02.swift */ = {isa = PBXFileReference; lastKnownFileType = sourcecode.swift; path = 2010_02.swift; sourceTree = "<group>"; };
		1F76DC3F256103D300BE620C /* Puzzle.swift */ = {isa = PBXFileReference; lastKnownFileType = sourcecode.swift; path = Puzzle.swift; sourceTree = "<group>"; };
		1F76DC42256106AF00BE620C /* IntCode.swift */ = {isa = PBXFileReference; lastKnownFileType = sourcecode.swift; path = IntCode.swift; sourceTree = "<group>"; };
		1F83F6662579F9A800719389 /* 2020_04.swift */ = {isa = PBXFileReference; lastKnownFileType = sourcecode.swift; path = 2020_04.swift; sourceTree = "<group>"; };
		1F83F66A2579F9B300719389 /* 2020_04_Input.swift */ = {isa = PBXFileReference; lastKnownFileType = sourcecode.swift; path = 2020_04_Input.swift; sourceTree = "<group>"; };
		1F9E47E42576633D00042763 /* 2020_01.swift */ = {isa = PBXFileReference; lastKnownFileType = sourcecode.swift; path = 2020_01.swift; sourceTree = "<group>"; };
		1F9E47E9257663C200042763 /* 2020_x_templatee.swift */ = {isa = PBXFileReference; lastKnownFileType = sourcecode.swift; path = 2020_x_templatee.swift; sourceTree = "<group>"; };
		1FB062FE256B274D004B2526 /* AoC Tests.xctest */ = {isa = PBXFileReference; explicitFileType = wrapper.cfbundle; includeInIndex = 0; path = "AoC Tests.xctest"; sourceTree = BUILT_PRODUCTS_DIR; };
		1FB5ADEF25789969007C5A44 /* 2020_02_Input.swift */ = {isa = PBXFileReference; lastKnownFileType = sourcecode.swift; path = 2020_02_Input.swift; sourceTree = "<group>"; };
		1FB5ADFD25789A56007C5A44 /* 2020_01_Input.swift */ = {isa = PBXFileReference; lastKnownFileType = sourcecode.swift; path = 2020_01_Input.swift; sourceTree = "<group>"; };
		1FB5AE022578A7BD007C5A44 /* 2020_03.swift */ = {isa = PBXFileReference; lastKnownFileType = sourcecode.swift; path = 2020_03.swift; sourceTree = "<group>"; };
		1FB5AE082578A7CB007C5A44 /* 2020_03_Input.swift */ = {isa = PBXFileReference; lastKnownFileType = sourcecode.swift; path = 2020_03_Input.swift; sourceTree = "<group>"; };
		1FCA7AE02560E2E80075F836 /* AoC */ = {isa = PBXFileReference; explicitFileType = "compiled.mach-o.executable"; includeInIndex = 0; path = AoC; sourceTree = BUILT_PRODUCTS_DIR; };
		1FCA7AE32560E2E80075F836 /* main.swift */ = {isa = PBXFileReference; lastKnownFileType = sourcecode.swift; path = main.swift; sourceTree = "<group>"; };
		1FCA7AF32560E43B0075F836 /* Input.swift */ = {isa = PBXFileReference; lastKnownFileType = sourcecode.swift; path = Input.swift; sourceTree = "<group>"; };
		1FCA7AFC2560E61C0075F836 /* 2019_01.swift */ = {isa = PBXFileReference; lastKnownFileType = sourcecode.swift; path = 2019_01.swift; sourceTree = "<group>"; };
		1FF8DB3E2565DD8000783A7E /* README.md */ = {isa = PBXFileReference; explicitFileType = net.daringfireball.markdown; path = README.md; sourceTree = "<group>"; };
		1FF8DB3F2565F74F00783A7E /* Tree.swift */ = {isa = PBXFileReference; lastKnownFileType = sourcecode.swift; path = Tree.swift; sourceTree = "<group>"; };
/* End PBXFileReference section */

/* Begin PBXFrameworksBuildPhase section */
		1FB062FB256B274D004B2526 /* Frameworks */ = {
			isa = PBXFrameworksBuildPhase;
			buildActionMask = 2147483647;
			files = (
			);
			runOnlyForDeploymentPostprocessing = 0;
		};
		1FCA7ADD2560E2E80075F836 /* Frameworks */ = {
			isa = PBXFrameworksBuildPhase;
			buildActionMask = 2147483647;
			files = (
				1F3751B225676A1F00678142 /* Algorithms in Frameworks */,
				1FB06314256B4DFF004B2526 /* SwifterSwift in Frameworks */,
				1FB0631B256B5E87004B2526 /* SwiftGraph in Frameworks */,
			);
			runOnlyForDeploymentPostprocessing = 0;
		};
/* End PBXFrameworksBuildPhase section */

/* Begin PBXGroup section */
		1F82D96B2561015000997BE6 /* Day2 */ = {
			isa = PBXGroup;
			children = (
				1F76DC3A256101BE00BE620C /* 2010_02.swift */,
			);
			path = Day2;
			sourceTree = "<group>";
		};
		1F83F6652579F99100719389 /* Day 4 */ = {
			isa = PBXGroup;
			children = (
				1F83F6662579F9A800719389 /* 2020_04.swift */,
				1F83F66A2579F9B300719389 /* 2020_04_Input.swift */,
			);
			path = "Day 4";
			sourceTree = "<group>";
		};
		1FB5ADE925789917007C5A44 /* Day 1 */ = {
			isa = PBXGroup;
			children = (
				1F9E47E42576633D00042763 /* 2020_01.swift */,
				1FB5ADFD25789A56007C5A44 /* 2020_01_Input.swift */,
			);
			path = "Day 1";
			sourceTree = "<group>";
		};
		1FB5ADEC25789937007C5A44 /* Day 2 */ = {
			isa = PBXGroup;
			children = (
				1F417D1E257757E50052B1E5 /* 2020_02.swift */,
				1FB5ADEF25789969007C5A44 /* 2020_02_Input.swift */,
			);
			path = "Day 2";
			sourceTree = "<group>";
		};
		1FB5AE012578A79F007C5A44 /* Day 3 */ = {
			isa = PBXGroup;
			children = (
				1FB5AE022578A7BD007C5A44 /* 2020_03.swift */,
				1FB5AE082578A7CB007C5A44 /* 2020_03_Input.swift */,
			);
			path = "Day 3";
			sourceTree = "<group>";
		};
		1FCA7AD72560E2E80075F836 = {
			isa = PBXGroup;
			children = (
				1FF8DB3E2565DD8000783A7E /* README.md */,
				1FCA7AE22560E2E80075F836 /* AoC */,
				1FCA7AE12560E2E80075F836 /* Products */,
			);
			sourceTree = "<group>";
		};
		1FCA7AE12560E2E80075F836 /* Products */ = {
			isa = PBXGroup;
			children = (
				1FCA7AE02560E2E80075F836 /* AoC */,
				1FB062FE256B274D004B2526 /* AoC Tests.xctest */,
			);
			name = Products;
			sourceTree = "<group>";
		};
		1FCA7AE22560E2E80075F836 /* AoC */ = {
			isa = PBXGroup;
			children = (
				1FCA7AEC2560E3960075F836 /* Components */,
				1FCA7AEB2560E3880075F836 /* Puzzles */,
				1FCA7AE32560E2E80075F836 /* main.swift */,
			);
			path = AoC;
			sourceTree = "<group>";
		};
		1FCA7AEB2560E3880075F836 /* Puzzles */ = {
			isa = PBXGroup;
			children = (
				1FCA7AFB2560E5F40075F836 /* 2020 */,
				1FCA7AFA2560E5ED0075F836 /* 2019 */,
			);
			path = Puzzles;
			sourceTree = "<group>";
		};
		1FCA7AEC2560E3960075F836 /* Components */ = {
			isa = PBXGroup;
			children = (
				1FCA7AF22560E4070075F836 /* Functions */,
				1FCA7AF12560E3FB0075F836 /* Types */,
				1FCA7AF02560E3F00075F836 /* Enumerations */,
				1FCA7AEF2560E3C80075F836 /* Structures */,
				1FCA7AEE2560E3B50075F836 /* Extentions */,
				1FCA7AED2560E3AB0075F836 /* Base */,
			);
			path = Components;
			sourceTree = "<group>";
		};
		1FCA7AED2560E3AB0075F836 /* Base */ = {
			isa = PBXGroup;
			children = (
				1FCA7AF32560E43B0075F836 /* Input.swift */,
				1F76DC3F256103D300BE620C /* Puzzle.swift */,
			);
			path = Base;
			sourceTree = "<group>";
		};
		1FCA7AEE2560E3B50075F836 /* Extentions */ = {
			isa = PBXGroup;
			children = (
			);
			path = Extentions;
			sourceTree = "<group>";
		};
		1FCA7AEF2560E3C80075F836 /* Structures */ = {
			isa = PBXGroup;
			children = (
				1FF8DB3F2565F74F00783A7E /* Tree.swift */,
			);
			path = Structures;
			sourceTree = "<group>";
		};
		1FCA7AF02560E3F00075F836 /* Enumerations */ = {
			isa = PBXGroup;
			children = (
			);
			path = Enumerations;
			sourceTree = "<group>";
		};
		1FCA7AF12560E3FB0075F836 /* Types */ = {
			isa = PBXGroup;
			children = (
			);
			path = Types;
			sourceTree = "<group>";
		};
		1FCA7AF22560E4070075F836 /* Functions */ = {
			isa = PBXGroup;
			children = (
			);
			path = Functions;
			sourceTree = "<group>";
		};
		1FCA7AFA2560E5ED0075F836 /* 2019 */ = {
			isa = PBXGroup;
			children = (
				1FCA7AFF2560E68C0075F836 /* Day1 */,
				1F82D96B2561015000997BE6 /* Day2 */,
				1F76DC42256106AF00BE620C /* IntCode.swift */,
			);
			path = 2019;
			sourceTree = "<group>";
		};
		1FCA7AFB2560E5F40075F836 /* 2020 */ = {
			isa = PBXGroup;
			children = (
				1F9E47E9257663C200042763 /* 2020_x_templatee.swift */,
				1FB5ADE925789917007C5A44 /* Day 1 */,
				1FB5ADEC25789937007C5A44 /* Day 2 */,
				1FB5AE012578A79F007C5A44 /* Day 3 */,
				1F83F6652579F99100719389 /* Day 4 */,
			);
			path = 2020;
			sourceTree = "<group>";
		};
		1FCA7AFF2560E68C0075F836 /* Day1 */ = {
			isa = PBXGroup;
			children = (
				1FCA7AFC2560E61C0075F836 /* 2019_01.swift */,
			);
			path = Day1;
			sourceTree = "<group>";
		};
/* End PBXGroup section */

/* Begin PBXNativeTarget section */
		1FB062FD256B274D004B2526 /* AoC Tests */ = {
			isa = PBXNativeTarget;
			buildConfigurationList = 1FB06303256B274E004B2526 /* Build configuration list for PBXNativeTarget "AoC Tests" */;
			buildPhases = (
				1FB062FA256B274D004B2526 /* Sources */,
				1FB062FB256B274D004B2526 /* Frameworks */,
				1FB062FC256B274D004B2526 /* Resources */,
			);
			buildRules = (
			);
			dependencies = (
			);
			name = "AoC Tests";
			productName = "AoC Tests";
			productReference = 1FB062FE256B274D004B2526 /* AoC Tests.xctest */;
			productType = "com.apple.product-type.bundle.unit-test";
		};
		1FCA7ADF2560E2E80075F836 /* AoC */ = {
			isa = PBXNativeTarget;
			buildConfigurationList = 1FCA7AE72560E2E80075F836 /* Build configuration list for PBXNativeTarget "AoC" */;
			buildPhases = (
				1FCA7ADC2560E2E80075F836 /* Sources */,
				1FCA7ADD2560E2E80075F836 /* Frameworks */,
				1FCA7ADE2560E2E80075F836 /* CopyFiles */,
			);
			buildRules = (
			);
			dependencies = (
			);
			name = AoC;
			packageProductDependencies = (
				1F3751B125676A1F00678142 /* Algorithms */,
				1FB06313256B4DFF004B2526 /* SwifterSwift */,
				1FB0631A256B5E87004B2526 /* SwiftGraph */,
			);
			productName = AoC;
			productReference = 1FCA7AE02560E2E80075F836 /* AoC */;
			productType = "com.apple.product-type.tool";
		};
/* End PBXNativeTarget section */

/* Begin PBXProject section */
		1FCA7AD82560E2E80075F836 /* Project object */ = {
			isa = PBXProject;
			attributes = {
				LastSwiftUpdateCheck = 1220;
				LastUpgradeCheck = 1220;
				TargetAttributes = {
					1FB062FD256B274D004B2526 = {
						CreatedOnToolsVersion = 12.2;
					};
					1FCA7ADF2560E2E80075F836 = {
						CreatedOnToolsVersion = 12.2;
					};
				};
			};
			buildConfigurationList = 1FCA7ADB2560E2E80075F836 /* Build configuration list for PBXProject "AoC" */;
			compatibilityVersion = "Xcode 9.3";
			developmentRegion = en;
			hasScannedForEncodings = 0;
			knownRegions = (
				en,
				Base,
			);
			mainGroup = 1FCA7AD72560E2E80075F836;
			packageReferences = (
				1F3751B025676A1F00678142 /* XCRemoteSwiftPackageReference "swift-algorithms" */,
				1FB06312256B4DFF004B2526 /* XCRemoteSwiftPackageReference "SwifterSwift" */,
				1FB06319256B5E87004B2526 /* XCRemoteSwiftPackageReference "SwiftGraph" */,
			);
			productRefGroup = 1FCA7AE12560E2E80075F836 /* Products */;
			projectDirPath = "";
			projectRoot = "";
			targets = (
				1FCA7ADF2560E2E80075F836 /* AoC */,
				1FB062FD256B274D004B2526 /* AoC Tests */,
			);
		};
/* End PBXProject section */

/* Begin PBXResourcesBuildPhase section */
		1FB062FC256B274D004B2526 /* Resources */ = {
			isa = PBXResourcesBuildPhase;
			buildActionMask = 2147483647;
			files = (
			);
			runOnlyForDeploymentPostprocessing = 0;
		};
/* End PBXResourcesBuildPhase section */

/* Begin PBXSourcesBuildPhase section */
		1FB062FA256B274D004B2526 /* Sources */ = {
			isa = PBXSourcesBuildPhase;
			buildActionMask = 2147483647;
			files = (
			);
			runOnlyForDeploymentPostprocessing = 0;
		};
		1FCA7ADC2560E2E80075F836 /* Sources */ = {
			isa = PBXSourcesBuildPhase;
			buildActionMask = 2147483647;
			files = (
				1FF8DB402565F74F00783A7E /* Tree.swift in Sources */,
				1F76DC43256106AF00BE620C /* IntCode.swift in Sources */,
				1F76DC40256103D300BE620C /* Puzzle.swift in Sources */,
				1FB5ADF025789969007C5A44 /* 2020_02_Input.swift in Sources */,
				1F83F66B2579F9B300719389 /* 2020_04_Input.swift in Sources */,
				1F417D1F257757E50052B1E5 /* 2020_02.swift in Sources */,
				1FB5AE092578A7CB007C5A44 /* 2020_03_Input.swift in Sources */,
				1FB5ADFE25789A56007C5A44 /* 2020_01_Input.swift in Sources */,
				1FCA7AFD2560E61C0075F836 /* 2019_01.swift in Sources */,
				1FB5AE032578A7BE007C5A44 /* 2020_03.swift in Sources */,
				1F9E47E52576633D00042763 /* 2020_01.swift in Sources */,
				1F76DC3B256101BE00BE620C /* 2010_02.swift in Sources */,
				1FCA7AF42560E43B0075F836 /* Input.swift in Sources */,
				1FCA7AE42560E2E80075F836 /* main.swift in Sources */,
				1F83F6672579F9A800719389 /* 2020_04.swift in Sources */,
				1F9E47EA257663C200042763 /* 2020_x_templatee.swift in Sources */,
			);
			runOnlyForDeploymentPostprocessing = 0;
		};
/* End PBXSourcesBuildPhase section */

/* Begin XCBuildConfiguration section */
		1FB06304256B274E004B2526 /* Debug */ = {
			isa = XCBuildConfiguration;
			buildSettings = {
				CODE_SIGN_STYLE = Automatic;
				COMBINE_HIDPI_IMAGES = YES;
				DEVELOPMENT_TEAM = DL6CYE94VA;
				INFOPLIST_FILE = "AoC Tests/Info.plist";
				LD_RUNPATH_SEARCH_PATHS = (
					"$(inherited)",
					"@executable_path/../Frameworks",
					"@loader_path/../Frameworks",
				);
				PRODUCT_BUNDLE_IDENTIFIER = "joshua.gohlke.AoC-Tests";
				PRODUCT_NAME = "$(TARGET_NAME)";
				SWIFT_VERSION = 5.0;
			};
			name = Debug;
		};
		1FB06305256B274E004B2526 /* Release */ = {
			isa = XCBuildConfiguration;
			buildSettings = {
				CODE_SIGN_STYLE = Automatic;
				COMBINE_HIDPI_IMAGES = YES;
				DEVELOPMENT_TEAM = DL6CYE94VA;
				INFOPLIST_FILE = "AoC Tests/Info.plist";
				LD_RUNPATH_SEARCH_PATHS = (
					"$(inherited)",
					"@executable_path/../Frameworks",
					"@loader_path/../Frameworks",
				);
				PRODUCT_BUNDLE_IDENTIFIER = "joshua.gohlke.AoC-Tests";
				PRODUCT_NAME = "$(TARGET_NAME)";
				SWIFT_VERSION = 5.0;
			};
			name = Release;
		};
		1FCA7AE52560E2E80075F836 /* Debug */ = {
			isa = XCBuildConfiguration;
			buildSettings = {
				ALWAYS_SEARCH_USER_PATHS = NO;
				CLANG_ANALYZER_NONNULL = YES;
				CLANG_ANALYZER_NUMBER_OBJECT_CONVERSION = YES_AGGRESSIVE;
				CLANG_CXX_LANGUAGE_STANDARD = "gnu++14";
				CLANG_CXX_LIBRARY = "libc++";
				CLANG_ENABLE_MODULES = YES;
				CLANG_ENABLE_OBJC_ARC = YES;
				CLANG_ENABLE_OBJC_WEAK = YES;
				CLANG_WARN_BLOCK_CAPTURE_AUTORELEASING = YES;
				CLANG_WARN_BOOL_CONVERSION = YES;
				CLANG_WARN_COMMA = YES;
				CLANG_WARN_CONSTANT_CONVERSION = YES;
				CLANG_WARN_DEPRECATED_OBJC_IMPLEMENTATIONS = YES;
				CLANG_WARN_DIRECT_OBJC_ISA_USAGE = YES_ERROR;
				CLANG_WARN_DOCUMENTATION_COMMENTS = YES;
				CLANG_WARN_EMPTY_BODY = YES;
				CLANG_WARN_ENUM_CONVERSION = YES;
				CLANG_WARN_INFINITE_RECURSION = YES;
				CLANG_WARN_INT_CONVERSION = YES;
				CLANG_WARN_NON_LITERAL_NULL_CONVERSION = YES;
				CLANG_WARN_OBJC_IMPLICIT_RETAIN_SELF = YES;
				CLANG_WARN_OBJC_LITERAL_CONVERSION = YES;
				CLANG_WARN_OBJC_ROOT_CLASS = YES_ERROR;
				CLANG_WARN_QUOTED_INCLUDE_IN_FRAMEWORK_HEADER = YES;
				CLANG_WARN_RANGE_LOOP_ANALYSIS = YES;
				CLANG_WARN_STRICT_PROTOTYPES = YES;
				CLANG_WARN_SUSPICIOUS_MOVE = YES;
				CLANG_WARN_UNGUARDED_AVAILABILITY = YES_AGGRESSIVE;
				CLANG_WARN_UNREACHABLE_CODE = YES;
				CLANG_WARN__DUPLICATE_METHOD_MATCH = YES;
				COPY_PHASE_STRIP = NO;
				DEBUG_INFORMATION_FORMAT = dwarf;
				ENABLE_STRICT_OBJC_MSGSEND = YES;
				ENABLE_TESTABILITY = YES;
				GCC_C_LANGUAGE_STANDARD = gnu11;
				GCC_DYNAMIC_NO_PIC = NO;
				GCC_NO_COMMON_BLOCKS = YES;
				GCC_OPTIMIZATION_LEVEL = 0;
				GCC_PREPROCESSOR_DEFINITIONS = (
					"DEBUG=1",
					"$(inherited)",
				);
				GCC_WARN_64_TO_32_BIT_CONVERSION = YES;
				GCC_WARN_ABOUT_RETURN_TYPE = YES_ERROR;
				GCC_WARN_UNDECLARED_SELECTOR = YES;
				GCC_WARN_UNINITIALIZED_AUTOS = YES_AGGRESSIVE;
				GCC_WARN_UNUSED_FUNCTION = YES;
				GCC_WARN_UNUSED_VARIABLE = YES;
				MACOSX_DEPLOYMENT_TARGET = 10.15;
				MTL_ENABLE_DEBUG_INFO = INCLUDE_SOURCE;
				MTL_FAST_MATH = YES;
				ONLY_ACTIVE_ARCH = YES;
				SDKROOT = macosx;
				SWIFT_ACTIVE_COMPILATION_CONDITIONS = DEBUG;
				SWIFT_OPTIMIZATION_LEVEL = "-Onone";
			};
			name = Debug;
		};
		1FCA7AE62560E2E80075F836 /* Release */ = {
			isa = XCBuildConfiguration;
			buildSettings = {
				ALWAYS_SEARCH_USER_PATHS = NO;
				CLANG_ANALYZER_NONNULL = YES;
				CLANG_ANALYZER_NUMBER_OBJECT_CONVERSION = YES_AGGRESSIVE;
				CLANG_CXX_LANGUAGE_STANDARD = "gnu++14";
				CLANG_CXX_LIBRARY = "libc++";
				CLANG_ENABLE_MODULES = YES;
				CLANG_ENABLE_OBJC_ARC = YES;
				CLANG_ENABLE_OBJC_WEAK = YES;
				CLANG_WARN_BLOCK_CAPTURE_AUTORELEASING = YES;
				CLANG_WARN_BOOL_CONVERSION = YES;
				CLANG_WARN_COMMA = YES;
				CLANG_WARN_CONSTANT_CONVERSION = YES;
				CLANG_WARN_DEPRECATED_OBJC_IMPLEMENTATIONS = YES;
				CLANG_WARN_DIRECT_OBJC_ISA_USAGE = YES_ERROR;
				CLANG_WARN_DOCUMENTATION_COMMENTS = YES;
				CLANG_WARN_EMPTY_BODY = YES;
				CLANG_WARN_ENUM_CONVERSION = YES;
				CLANG_WARN_INFINITE_RECURSION = YES;
				CLANG_WARN_INT_CONVERSION = YES;
				CLANG_WARN_NON_LITERAL_NULL_CONVERSION = YES;
				CLANG_WARN_OBJC_IMPLICIT_RETAIN_SELF = YES;
				CLANG_WARN_OBJC_LITERAL_CONVERSION = YES;
				CLANG_WARN_OBJC_ROOT_CLASS = YES_ERROR;
				CLANG_WARN_QUOTED_INCLUDE_IN_FRAMEWORK_HEADER = YES;
				CLANG_WARN_RANGE_LOOP_ANALYSIS = YES;
				CLANG_WARN_STRICT_PROTOTYPES = YES;
				CLANG_WARN_SUSPICIOUS_MOVE = YES;
				CLANG_WARN_UNGUARDED_AVAILABILITY = YES_AGGRESSIVE;
				CLANG_WARN_UNREACHABLE_CODE = YES;
				CLANG_WARN__DUPLICATE_METHOD_MATCH = YES;
				COPY_PHASE_STRIP = NO;
				DEBUG_INFORMATION_FORMAT = "dwarf-with-dsym";
				ENABLE_NS_ASSERTIONS = NO;
				ENABLE_STRICT_OBJC_MSGSEND = YES;
				GCC_C_LANGUAGE_STANDARD = gnu11;
				GCC_NO_COMMON_BLOCKS = YES;
				GCC_WARN_64_TO_32_BIT_CONVERSION = YES;
				GCC_WARN_ABOUT_RETURN_TYPE = YES_ERROR;
				GCC_WARN_UNDECLARED_SELECTOR = YES;
				GCC_WARN_UNINITIALIZED_AUTOS = YES_AGGRESSIVE;
				GCC_WARN_UNUSED_FUNCTION = YES;
				GCC_WARN_UNUSED_VARIABLE = YES;
				MACOSX_DEPLOYMENT_TARGET = 10.15;
				MTL_ENABLE_DEBUG_INFO = NO;
				MTL_FAST_MATH = YES;
				SDKROOT = macosx;
				SWIFT_COMPILATION_MODE = wholemodule;
				SWIFT_OPTIMIZATION_LEVEL = "-O";
			};
			name = Release;
		};
		1FCA7AE82560E2E80075F836 /* Debug */ = {
			isa = XCBuildConfiguration;
			buildSettings = {
				CODE_SIGN_STYLE = Automatic;
				DEVELOPMENT_TEAM = DL6CYE94VA;
				ENABLE_HARDENED_RUNTIME = YES;
				PRODUCT_NAME = "$(TARGET_NAME)";
				SWIFT_VERSION = 5.0;
			};
			name = Debug;
		};
		1FCA7AE92560E2E80075F836 /* Release */ = {
			isa = XCBuildConfiguration;
			buildSettings = {
				CODE_SIGN_STYLE = Automatic;
				DEVELOPMENT_TEAM = DL6CYE94VA;
				ENABLE_HARDENED_RUNTIME = YES;
				PRODUCT_NAME = "$(TARGET_NAME)";
				SWIFT_VERSION = 5.0;
			};
			name = Release;
		};
/* End XCBuildConfiguration section */

/* Begin XCConfigurationList section */
		1FB06303256B274E004B2526 /* Build configuration list for PBXNativeTarget "AoC Tests" */ = {
			isa = XCConfigurationList;
			buildConfigurations = (
				1FB06304256B274E004B2526 /* Debug */,
				1FB06305256B274E004B2526 /* Release */,
			);
			defaultConfigurationIsVisible = 0;
			defaultConfigurationName = Release;
		};
		1FCA7ADB2560E2E80075F836 /* Build configuration list for PBXProject "AoC" */ = {
			isa = XCConfigurationList;
			buildConfigurations = (
				1FCA7AE52560E2E80075F836 /* Debug */,
				1FCA7AE62560E2E80075F836 /* Release */,
			);
			defaultConfigurationIsVisible = 0;
			defaultConfigurationName = Release;
		};
		1FCA7AE72560E2E80075F836 /* Build configuration list for PBXNativeTarget "AoC" */ = {
			isa = XCConfigurationList;
			buildConfigurations = (
				1FCA7AE82560E2E80075F836 /* Debug */,
				1FCA7AE92560E2E80075F836 /* Release */,
			);
			defaultConfigurationIsVisible = 0;
			defaultConfigurationName = Release;
		};
/* End XCConfigurationList section */

/* Begin XCRemoteSwiftPackageReference section */
		1F3751B025676A1F00678142 /* XCRemoteSwiftPackageReference "swift-algorithms" */ = {
			isa = XCRemoteSwiftPackageReference;
			repositoryURL = "https://github.com/apple/swift-algorithms.git";
			requirement = {
				kind = upToNextMajorVersion;
				minimumVersion = 0.0.2;
			};
		};
		1FB06312256B4DFF004B2526 /* XCRemoteSwiftPackageReference "SwifterSwift" */ = {
			isa = XCRemoteSwiftPackageReference;
			repositoryURL = "https://github.com/SwifterSwift/SwifterSwift";
			requirement = {
				kind = upToNextMajorVersion;
				minimumVersion = 5.2.0;
			};
		};
		1FB06319256B5E87004B2526 /* XCRemoteSwiftPackageReference "SwiftGraph" */ = {
			isa = XCRemoteSwiftPackageReference;
			repositoryURL = "https://github.com/davecom/SwiftGraph";
			requirement = {
				kind = upToNextMajorVersion;
				minimumVersion = 3.0.0;
			};
		};
/* End XCRemoteSwiftPackageReference section */

/* Begin XCSwiftPackageProductDependency section */
		1F3751B125676A1F00678142 /* Algorithms */ = {
			isa = XCSwiftPackageProductDependency;
			package = 1F3751B025676A1F00678142 /* XCRemoteSwiftPackageReference "swift-algorithms" */;
			productName = Algorithms;
		};
		1FB06313256B4DFF004B2526 /* SwifterSwift */ = {
			isa = XCSwiftPackageProductDependency;
			package = 1FB06312256B4DFF004B2526 /* XCRemoteSwiftPackageReference "SwifterSwift" */;
			productName = SwifterSwift;
		};
		1FB0631A256B5E87004B2526 /* SwiftGraph */ = {
			isa = XCSwiftPackageProductDependency;
			package = 1FB06319256B5E87004B2526 /* XCRemoteSwiftPackageReference "SwiftGraph" */;
			productName = SwiftGraph;
		};
/* End XCSwiftPackageProductDependency section */
	};
	rootObject = 1FCA7AD82560E2E80075F836 /* Project object */;
}
